
Microsoft Visual Studio Solution File, Format Version 12.00
# Visual Studio Version 17
VisualStudioVersion = 17.3.32804.467
MinimumVisualStudioVersion = 10.0.40219.1
Project("{9A19103F-16F7-4668-BE54-9A1E7A4F7556}") = "FrankThePOSsum", "FrankThePOSsum\FrankThePOSsum.csproj", "{28E07EFF-22C6-4706-A1EF-7434F374A6C0}"
EndProject
Global
	GlobalSection(SolutionConfigurationPlatforms) = preSolution
		Debug|Any CPU = Debug|Any CPU
		Release|Any CPU = Release|Any CPU
	EndGlobalSection
	GlobalSection(ProjectConfigurationPlatforms) = postSolution
		{28E07EFF-22C6-4706-A1EF-7434F374A6C0}.Debug|Any CPU.ActiveCfg = Debug|Any CPU
		{28E07EFF-22C6-4706-A1EF-7434F374A6C0}.Debug|Any CPU.Build.0 = Debug|Any CPU
		{28E07EFF-22C6-4706-A1EF-7434F374A6C0}.Release|Any CPU.ActiveCfg = Release|Any CPU
		{28E07EFF-22C6-4706-A1EF-7434F374A6C0}.Release|Any CPU.Build.0 = Release|Any CPU
	EndGlobalSection
	GlobalSection(SolutionProperties) = preSolution
		HideSolutionNode = FALSE
	EndGlobalSection
	GlobalSection(ExtensibilityGlobals) = postSolution
		SolutionGuid = {1DACDC59-AF65-438B-9230-DE12A8D39966}
	EndGlobalSection
EndGlobal
